// !$*UTF8*$!
{
	archiveVersion = 1;
	classes = {
	};
	objectVersion = 50;
	objects = {

/* Begin PBXBuildFile section */
		182081BE25D23235000FBB44 /* GDExpandButton.m in Sources */ = {isa = PBXBuildFile; fileRef = 182081BA25D23235000FBB44 /* GDExpandButton.m */; };
		182081BF25D23235000FBB44 /* XDInvocation.m in Sources */ = {isa = PBXBuildFile; fileRef = 182081BC25D23235000FBB44 /* XDInvocation.m */; };
		182E05472227CC3700F28425 /* UIImageView+SettingBlock.m in Sources */ = {isa = PBXBuildFile; fileRef = 182E053C2227CC3700F28425 /* UIImageView+SettingBlock.m */; };
		182E05482227CC3700F28425 /* UIButton+SettingBlock.m in Sources */ = {isa = PBXBuildFile; fileRef = 182E053D2227CC3700F28425 /* UIButton+SettingBlock.m */; };
		182E05492227CC3700F28425 /* UILabel+SettingBlock.m in Sources */ = {isa = PBXBuildFile; fileRef = 182E053E2227CC3700F28425 /* UILabel+SettingBlock.m */; };
		182E054A2227CC3700F28425 /* UITextField+SettingBlock.m in Sources */ = {isa = PBXBuildFile; fileRef = 182E053F2227CC3700F28425 /* UITextField+SettingBlock.m */; };
		182E054B2227CC3700F28425 /* UIView+SettingBlock.m in Sources */ = {isa = PBXBuildFile; fileRef = 182E05402227CC3700F28425 /* UIView+SettingBlock.m */; };
		18335B7521B68B55004D13EE /* AppDelegate.m in Sources */ = {isa = PBXBuildFile; fileRef = 18335B7421B68B55004D13EE /* AppDelegate.m */; };
		18335B7B21B68B55004D13EE /* Main.storyboard in Resources */ = {isa = PBXBuildFile; fileRef = 18335B7921B68B55004D13EE /* Main.storyboard */; };
		18335B7D21B68B56004D13EE /* Assets.xcassets in Resources */ = {isa = PBXBuildFile; fileRef = 18335B7C21B68B56004D13EE /* Assets.xcassets */; };
		18335B8021B68B56004D13EE /* LaunchScreen.storyboard in Resources */ = {isa = PBXBuildFile; fileRef = 18335B7E21B68B56004D13EE /* LaunchScreen.storyboard */; };
		18335B8321B68B56004D13EE /* main.m in Sources */ = {isa = PBXBuildFile; fileRef = 18335B8221B68B56004D13EE /* main.m */; };
		18335B9F21B68B8E004D13EE /* ViewController.m in Sources */ = {isa = PBXBuildFile; fileRef = 18335B9D21B68B8E004D13EE /* ViewController.m */; };
		186C034922DEC238008D8549 /* LastTableViewController.m in Sources */ = {isa = PBXBuildFile; fileRef = 186C034822DEC238008D8549 /* LastTableViewController.m */; };
		186C034C22DEC3AB008D8549 /* GDTableViewCell.m in Sources */ = {isa = PBXBuildFile; fileRef = 186C034B22DEC3AB008D8549 /* GDTableViewCell.m */; };
		1899AFDA22DDC79100D291D6 /* NSObject+Support.m in Sources */ = {isa = PBXBuildFile; fileRef = 1899AFD922DDC79100D291D6 /* NSObject+Support.m */; };
		1899AFDD22DDCD4400D291D6 /* GDExpandImageView.m in Sources */ = {isa = PBXBuildFile; fileRef = 1899AFDC22DDCD4400D291D6 /* GDExpandImageView.m */; };
/* End PBXBuildFile section */

/* Begin PBXFileReference section */
		182081BA25D23235000FBB44 /* GDExpandButton.m */ = {isa = PBXFileReference; fileEncoding = 4; lastKnownFileType = sourcecode.c.objc; path = GDExpandButton.m; sourceTree = "<group>"; };
		182081BB25D23235000FBB44 /* XDInvocation.h */ = {isa = PBXFileReference; fileEncoding = 4; lastKnownFileType = sourcecode.c.h; path = XDInvocation.h; sourceTree = "<group>"; };
		182081BC25D23235000FBB44 /* XDInvocation.m */ = {isa = PBXFileReference; fileEncoding = 4; lastKnownFileType = sourcecode.c.objc; path = XDInvocation.m; sourceTree = "<group>"; };
		182081BD25D23235000FBB44 /* GDExpandButton.h */ = {isa = PBXFileReference; fileEncoding = 4; lastKnownFileType = sourcecode.c.h; path = GDExpandButton.h; sourceTree = "<group>"; };
		182E053C2227CC3700F28425 /* UIImageView+SettingBlock.m */ = {isa = PBXFileReference; fileEncoding = 4; lastKnownFileType = sourcecode.c.objc; path = "UIImageView+SettingBlock.m"; sourceTree = "<group>"; };
		182E053D2227CC3700F28425 /* UIButton+SettingBlock.m */ = {isa = PBXFileReference; fileEncoding = 4; lastKnownFileType = sourcecode.c.objc; path = "UIButton+SettingBlock.m"; sourceTree = "<group>"; };
		182E053E2227CC3700F28425 /* UILabel+SettingBlock.m */ = {isa = PBXFileReference; fileEncoding = 4; lastKnownFileType = sourcecode.c.objc; path = "UILabel+SettingBlock.m"; sourceTree = "<group>"; };
		182E053F2227CC3700F28425 /* UITextField+SettingBlock.m */ = {isa = PBXFileReference; fileEncoding = 4; lastKnownFileType = sourcecode.c.objc; path = "UITextField+SettingBlock.m"; sourceTree = "<group>"; };
		182E05402227CC3700F28425 /* UIView+SettingBlock.m */ = {isa = PBXFileReference; fileEncoding = 4; lastKnownFileType = sourcecode.c.objc; path = "UIView+SettingBlock.m"; sourceTree = "<group>"; };
		182E05412227CC3700F28425 /* GDBlockHeader.h */ = {isa = PBXFileReference; fileEncoding = 4; lastKnownFileType = sourcecode.c.h; path = GDBlockHeader.h; sourceTree = "<group>"; };
		182E05422227CC3700F28425 /* UIButton+SettingBlock.h */ = {isa = PBXFileReference; fileEncoding = 4; lastKnownFileType = sourcecode.c.h; path = "UIButton+SettingBlock.h"; sourceTree = "<group>"; };
		182E05432227CC3700F28425 /* UIImageView+SettingBlock.h */ = {isa = PBXFileReference; fileEncoding = 4; lastKnownFileType = sourcecode.c.h; path = "UIImageView+SettingBlock.h"; sourceTree = "<group>"; };
		182E05442227CC3700F28425 /* UITextField+SettingBlock.h */ = {isa = PBXFileReference; fileEncoding = 4; lastKnownFileType = sourcecode.c.h; path = "UITextField+SettingBlock.h"; sourceTree = "<group>"; };
		182E05452227CC3700F28425 /* UILabel+SettingBlock.h */ = {isa = PBXFileReference; fileEncoding = 4; lastKnownFileType = sourcecode.c.h; path = "UILabel+SettingBlock.h"; sourceTree = "<group>"; };
		182E05462227CC3700F28425 /* UIView+SettingBlock.h */ = {isa = PBXFileReference; fileEncoding = 4; lastKnownFileType = sourcecode.c.h; path = "UIView+SettingBlock.h"; sourceTree = "<group>"; };
		18335B7021B68B55004D13EE /* GDObjcBlock.app */ = {isa = PBXFileReference; explicitFileType = wrapper.application; includeInIndex = 0; path = GDObjcBlock.app; sourceTree = BUILT_PRODUCTS_DIR; };
		18335B7321B68B55004D13EE /* AppDelegate.h */ = {isa = PBXFileReference; lastKnownFileType = sourcecode.c.h; path = AppDelegate.h; sourceTree = "<group>"; };
		18335B7421B68B55004D13EE /* AppDelegate.m */ = {isa = PBXFileReference; lastKnownFileType = sourcecode.c.objc; path = AppDelegate.m; sourceTree = "<group>"; };
		18335B7A21B68B55004D13EE /* Base */ = {isa = PBXFileReference; lastKnownFileType = file.storyboard; name = Base; path = Base.lproj/Main.storyboard; sourceTree = "<group>"; };
		18335B7C21B68B56004D13EE /* Assets.xcassets */ = {isa = PBXFileReference; lastKnownFileType = folder.assetcatalog; path = Assets.xcassets; sourceTree = "<group>"; };
		18335B7F21B68B56004D13EE /* Base */ = {isa = PBXFileReference; lastKnownFileType = file.storyboard; name = Base; path = Base.lproj/LaunchScreen.storyboard; sourceTree = "<group>"; };
		18335B8121B68B56004D13EE /* Info.plist */ = {isa = PBXFileReference; lastKnownFileType = text.plist.xml; path = Info.plist; sourceTree = "<group>"; };
		18335B8221B68B56004D13EE /* main.m */ = {isa = PBXFileReference; lastKnownFileType = sourcecode.c.objc; path = main.m; sourceTree = "<group>"; };
		18335B9A21B68B8E004D13EE /* ViewController.h */ = {isa = PBXFileReference; fileEncoding = 4; lastKnownFileType = sourcecode.c.h; path = ViewController.h; sourceTree = "<group>"; };
		18335B9D21B68B8E004D13EE /* ViewController.m */ = {isa = PBXFileReference; fileEncoding = 4; lastKnownFileType = sourcecode.c.objc; path = ViewController.m; sourceTree = "<group>"; };
		186C034722DEC238008D8549 /* LastTableViewController.h */ = {isa = PBXFileReference; lastKnownFileType = sourcecode.c.h; path = LastTableViewController.h; sourceTree = "<group>"; };
		186C034822DEC238008D8549 /* LastTableViewController.m */ = {isa = PBXFileReference; lastKnownFileType = sourcecode.c.objc; path = LastTableViewController.m; sourceTree = "<group>"; };
		186C034A22DEC3AB008D8549 /* GDTableViewCell.h */ = {isa = PBXFileReference; lastKnownFileType = sourcecode.c.h; path = GDTableViewCell.h; sourceTree = "<group>"; };
		186C034B22DEC3AB008D8549 /* GDTableViewCell.m */ = {isa = PBXFileReference; lastKnownFileType = sourcecode.c.objc; path = GDTableViewCell.m; sourceTree = "<group>"; };
		1899AFD822DDC79100D291D6 /* NSObject+Support.h */ = {isa = PBXFileReference; lastKnownFileType = sourcecode.c.h; path = "NSObject+Support.h"; sourceTree = "<group>"; };
		1899AFD922DDC79100D291D6 /* NSObject+Support.m */ = {isa = PBXFileReference; lastKnownFileType = sourcecode.c.objc; path = "NSObject+Support.m"; sourceTree = "<group>"; };
		1899AFDB22DDCD4400D291D6 /* GDExpandImageView.h */ = {isa = PBXFileReference; lastKnownFileType = sourcecode.c.h; path = GDExpandImageView.h; sourceTree = "<group>"; };
		1899AFDC22DDCD4400D291D6 /* GDExpandImageView.m */ = {isa = PBXFileReference; lastKnownFileType = sourcecode.c.objc; path = GDExpandImageView.m; sourceTree = "<group>"; };
/* End PBXFileReference section */

/* Begin PBXFrameworksBuildPhase section */
		18335B6D21B68B55004D13EE /* Frameworks */ = {
			isa = PBXFrameworksBuildPhase;
			buildActionMask = 2147483647;
			files = (
			);
			runOnlyForDeploymentPostprocessing = 0;
		};
/* End PBXFrameworksBuildPhase section */

/* Begin PBXGroup section */
		182E053B2227CC3700F28425 /* ObjcBlock */ = {
			isa = PBXGroup;
			children = (
				182081BD25D23235000FBB44 /* GDExpandButton.h */,
				182081BA25D23235000FBB44 /* GDExpandButton.m */,
				182081BB25D23235000FBB44 /* XDInvocation.h */,
				182081BC25D23235000FBB44 /* XDInvocation.m */,
				182E05412227CC3700F28425 /* GDBlockHeader.h */,
				182E05422227CC3700F28425 /* UIButton+SettingBlock.h */,
				182E053D2227CC3700F28425 /* UIButton+SettingBlock.m */,
				182E05432227CC3700F28425 /* UIImageView+SettingBlock.h */,
				182E053C2227CC3700F28425 /* UIImageView+SettingBlock.m */,
				182E05452227CC3700F28425 /* UILabel+SettingBlock.h */,
				182E053E2227CC3700F28425 /* UILabel+SettingBlock.m */,
				182E05442227CC3700F28425 /* UITextField+SettingBlock.h */,
				182E053F2227CC3700F28425 /* UITextField+SettingBlock.m */,
				182E05462227CC3700F28425 /* UIView+SettingBlock.h */,
				182E05402227CC3700F28425 /* UIView+SettingBlock.m */,
				1899AFD822DDC79100D291D6 /* NSObject+Support.h */,
				1899AFD922DDC79100D291D6 /* NSObject+Support.m */,
				1899AFDB22DDCD4400D291D6 /* GDExpandImageView.h */,
				1899AFDC22DDCD4400D291D6 /* GDExpandImageView.m */,
			);
			path = ObjcBlock;
			sourceTree = "<group>";
		};
		18335B6721B68B55004D13EE = {
			isa = PBXGroup;
			children = (
				18335B7221B68B55004D13EE /* GDObjcBlock */,
				18335B7121B68B55004D13EE /* Products */,
			);
			sourceTree = "<group>";
		};
		18335B7121B68B55004D13EE /* Products */ = {
			isa = PBXGroup;
			children = (
				18335B7021B68B55004D13EE /* GDObjcBlock.app */,
			);
			name = Products;
			sourceTree = "<group>";
		};
		18335B7221B68B55004D13EE /* GDObjcBlock */ = {
			isa = PBXGroup;
			children = (
				182E053B2227CC3700F28425 /* ObjcBlock */,
				18335B7321B68B55004D13EE /* AppDelegate.h */,
				18335B7421B68B55004D13EE /* AppDelegate.m */,
				18335B9A21B68B8E004D13EE /* ViewController.h */,
				18335B9D21B68B8E004D13EE /* ViewController.m */,
				186C034722DEC238008D8549 /* LastTableViewController.h */,
				186C034822DEC238008D8549 /* LastTableViewController.m */,
				186C034A22DEC3AB008D8549 /* GDTableViewCell.h */,
				186C034B22DEC3AB008D8549 /* GDTableViewCell.m */,
				18335B7921B68B55004D13EE /* Main.storyboard */,
				18335B7C21B68B56004D13EE /* Assets.xcassets */,
				18335B7E21B68B56004D13EE /* LaunchScreen.storyboard */,
				18335B8121B68B56004D13EE /* Info.plist */,
				18335B8221B68B56004D13EE /* main.m */,
			);
			path = GDObjcBlock;
			sourceTree = "<group>";
		};
/* End PBXGroup section */

/* Begin PBXNativeTarget section */
		18335B6F21B68B55004D13EE /* GDObjcBlock */ = {
			isa = PBXNativeTarget;
			buildConfigurationList = 18335B8621B68B56004D13EE /* Build configuration list for PBXNativeTarget "GDObjcBlock" */;
			buildPhases = (
				18335B6C21B68B55004D13EE /* Sources */,
				18335B6D21B68B55004D13EE /* Frameworks */,
				18335B6E21B68B55004D13EE /* Resources */,
			);
			buildRules = (
			);
			dependencies = (
			);
			name = GDObjcBlock;
			productName = GDObjcBlock;
			productReference = 18335B7021B68B55004D13EE /* GDObjcBlock.app */;
			productType = "com.apple.product-type.application";
		};
/* End PBXNativeTarget section */

/* Begin PBXProject section */
		18335B6821B68B55004D13EE /* Project object */ = {
			isa = PBXProject;
			attributes = {
				LastUpgradeCheck = 1000;
				ORGANIZATIONNAME = apple;
				TargetAttributes = {
					18335B6F21B68B55004D13EE = {
						CreatedOnToolsVersion = 10.0;
					};
				};
			};
			buildConfigurationList = 18335B6B21B68B55004D13EE /* Build configuration list for PBXProject "GDObjcBlock" */;
			compatibilityVersion = "Xcode 9.3";
			developmentRegion = en;
			hasScannedForEncodings = 0;
			knownRegions = (
				en,
				Base,
			);
			mainGroup = 18335B6721B68B55004D13EE;
			productRefGroup = 18335B7121B68B55004D13EE /* Products */;
			projectDirPath = "";
			projectRoot = "";
			targets = (
				18335B6F21B68B55004D13EE /* GDObjcBlock */,
			);
		};
/* End PBXProject section */

/* Begin PBXResourcesBuildPhase section */
		18335B6E21B68B55004D13EE /* Resources */ = {
			isa = PBXResourcesBuildPhase;
			buildActionMask = 2147483647;
			files = (
				18335B8021B68B56004D13EE /* LaunchScreen.storyboard in Resources */,
				18335B7D21B68B56004D13EE /* Assets.xcassets in Resources */,
				18335B7B21B68B55004D13EE /* Main.storyboard in Resources */,
			);
			runOnlyForDeploymentPostprocessing = 0;
		};
/* End PBXResourcesBuildPhase section */

/* Begin PBXSourcesBuildPhase section */
		18335B6C21B68B55004D13EE /* Sources */ = {
			isa = PBXSourcesBuildPhase;
			buildActionMask = 2147483647;
			files = (
				1899AFDA22DDC79100D291D6 /* NSObject+Support.m in Sources */,
				182081BE25D23235000FBB44 /* GDExpandButton.m in Sources */,
				1899AFDD22DDCD4400D291D6 /* GDExpandImageView.m in Sources */,
				186C034C22DEC3AB008D8549 /* GDTableViewCell.m in Sources */,
				18335B9F21B68B8E004D13EE /* ViewController.m in Sources */,
				182E05492227CC3700F28425 /* UILabel+SettingBlock.m in Sources */,
				182E05482227CC3700F28425 /* UIButton+SettingBlock.m in Sources */,
				186C034922DEC238008D8549 /* LastTableViewController.m in Sources */,
				182E05472227CC3700F28425 /* UIImageView+SettingBlock.m in Sources */,
				182E054A2227CC3700F28425 /* UITextField+SettingBlock.m in Sources */,
				18D202D2225E052400E6B7E5 /* BackViewController.m in Sources */,
				182E054B2227CC3700F28425 /* UIView+SettingBlock.m in Sources */,
				182081BF25D23235000FBB44 /* XDInvocation.m in Sources */,
				18335B8321B68B56004D13EE /* main.m in Sources */,
				18335B7521B68B55004D13EE /* AppDelegate.m in Sources */,
			);
			runOnlyForDeploymentPostprocessing = 0;
		};
/* End PBXSourcesBuildPhase section */

/* Begin PBXVariantGroup section */
		18335B7921B68B55004D13EE /* Main.storyboard */ = {
			isa = PBXVariantGroup;
			children = (
				18335B7A21B68B55004D13EE /* Base */,
			);
			name = Main.storyboard;
			sourceTree = "<group>";
		};
		18335B7E21B68B56004D13EE /* LaunchScreen.storyboard */ = {
			isa = PBXVariantGroup;
			children = (
				18335B7F21B68B56004D13EE /* Base */,
			);
			name = LaunchScreen.storyboard;
			sourceTree = "<group>";
		};
/* End PBXVariantGroup section */

/* Begin XCBuildConfiguration section */
		18335B8421B68B56004D13EE /* Debug */ = {
			isa = XCBuildConfiguration;
			buildSettings = {
				ALWAYS_SEARCH_USER_PATHS = NO;
				CLANG_ANALYZER_NONNULL = YES;
				CLANG_ANALYZER_NUMBER_OBJECT_CONVERSION = YES_AGGRESSIVE;
				CLANG_CXX_LANGUAGE_STANDARD = "gnu++14";
				CLANG_CXX_LIBRARY = "libc++";
				CLANG_ENABLE_MODULES = YES;
				CLANG_ENABLE_OBJC_ARC = YES;
				CLANG_ENABLE_OBJC_WEAK = YES;
				CLANG_WARN_BLOCK_CAPTURE_AUTORELEASING = YES;
				CLANG_WARN_BOOL_CONVERSION = YES;
				CLANG_WARN_COMMA = YES;
				CLANG_WARN_CONSTANT_CONVERSION = YES;
				CLANG_WARN_DEPRECATED_OBJC_IMPLEMENTATIONS = YES;
				CLANG_WARN_DIRECT_OBJC_ISA_USAGE = YES_ERROR;
				CLANG_WARN_DOCUMENTATION_COMMENTS = YES;
				CLANG_WARN_EMPTY_BODY = YES;
				CLANG_WARN_ENUM_CONVERSION = YES;
				CLANG_WARN_INFINITE_RECURSION = YES;
				CLANG_WARN_INT_CONVERSION = YES;
				CLANG_WARN_NON_LITERAL_NULL_CONVERSION = YES;
				CLANG_WARN_OBJC_IMPLICIT_RETAIN_SELF = YES;
				CLANG_WARN_OBJC_LITERAL_CONVERSION = YES;
				CLANG_WARN_OBJC_ROOT_CLASS = YES_ERROR;
				CLANG_WARN_RANGE_LOOP_ANALYSIS = YES;
				CLANG_WARN_STRICT_PROTOTYPES = YES;
				CLANG_WARN_SUSPICIOUS_MOVE = YES;
				CLANG_WARN_UNGUARDED_AVAILABILITY = YES_AGGRESSIVE;
				CLANG_WARN_UNREACHABLE_CODE = YES;
				CLANG_WARN__DUPLICATE_METHOD_MATCH = YES;
				CODE_SIGN_IDENTITY = "iPhone Developer";
				COPY_PHASE_STRIP = NO;
				DEBUG_INFORMATION_FORMAT = dwarf;
				ENABLE_STRICT_OBJC_MSGSEND = YES;
				ENABLE_TESTABILITY = YES;
				GCC_C_LANGUAGE_STANDARD = gnu11;
				GCC_DYNAMIC_NO_PIC = NO;
				GCC_NO_COMMON_BLOCKS = YES;
				GCC_OPTIMIZATION_LEVEL = 0;
				GCC_PREPROCESSOR_DEFINITIONS = (
					"DEBUG=1",
					"$(inherited)",
				);
				GCC_WARN_64_TO_32_BIT_CONVERSION = YES;
				GCC_WARN_ABOUT_RETURN_TYPE = YES_ERROR;
				GCC_WARN_UNDECLARED_SELECTOR = YES;
				GCC_WARN_UNINITIALIZED_AUTOS = YES_AGGRESSIVE;
				GCC_WARN_UNUSED_FUNCTION = YES;
				GCC_WARN_UNUSED_VARIABLE = YES;
				IPHONEOS_DEPLOYMENT_TARGET = 12.0;
				MTL_ENABLE_DEBUG_INFO = INCLUDE_SOURCE;
				MTL_FAST_MATH = YES;
				ONLY_ACTIVE_ARCH = YES;
				SDKROOT = iphoneos;
			};
			name = Debug;
		};
		18335B8521B68B56004D13EE /* Release */ = {
			isa = XCBuildConfiguration;
			buildSettings = {
				ALWAYS_SEARCH_USER_PATHS = NO;
				CLANG_ANALYZER_NONNULL = YES;
				CLANG_ANALYZER_NUMBER_OBJECT_CONVERSION = YES_AGGRESSIVE;
				CLANG_CXX_LANGUAGE_STANDARD = "gnu++14";
				CLANG_CXX_LIBRARY = "libc++";
				CLANG_ENABLE_MODULES = YES;
				CLANG_ENABLE_OBJC_ARC = YES;
				CLANG_ENABLE_OBJC_WEAK = YES;
				CLANG_WARN_BLOCK_CAPTURE_AUTORELEASING = YES;
				CLANG_WARN_BOOL_CONVERSION = YES;
				CLANG_WARN_COMMA = YES;
				CLANG_WARN_CONSTANT_CONVERSION = YES;
				CLANG_WARN_DEPRECATED_OBJC_IMPLEMENTATIONS = YES;
				CLANG_WARN_DIRECT_OBJC_ISA_USAGE = YES_ERROR;
				CLANG_WARN_DOCUMENTATION_COMMENTS = YES;
				CLANG_WARN_EMPTY_BODY = YES;
				CLANG_WARN_ENUM_CONVERSION = YES;
				CLANG_WARN_INFINITE_RECURSION = YES;
				CLANG_WARN_INT_CONVERSION = YES;
				CLANG_WARN_NON_LITERAL_NULL_CONVERSION = YES;
				CLANG_WARN_OBJC_IMPLICIT_RETAIN_SELF = YES;
				CLANG_WARN_OBJC_LITERAL_CONVERSION = YES;
				CLANG_WARN_OBJC_ROOT_CLASS = YES_ERROR;
				CLANG_WARN_RANGE_LOOP_ANALYSIS = YES;
				CLANG_WARN_STRICT_PROTOTYPES = YES;
				CLANG_WARN_SUSPICIOUS_MOVE = YES;
				CLANG_WARN_UNGUARDED_AVAILABILITY = YES_AGGRESSIVE;
				CLANG_WARN_UNREACHABLE_CODE = YES;
				CLANG_WARN__DUPLICATE_METHOD_MATCH = YES;
				CODE_SIGN_IDENTITY = "iPhone Developer";
				COPY_PHASE_STRIP = NO;
				DEBUG_INFORMATION_FORMAT = "dwarf-with-dsym";
				ENABLE_NS_ASSERTIONS = NO;
				ENABLE_STRICT_OBJC_MSGSEND = YES;
				GCC_C_LANGUAGE_STANDARD = gnu11;
				GCC_NO_COMMON_BLOCKS = YES;
				GCC_WARN_64_TO_32_BIT_CONVERSION = YES;
				GCC_WARN_ABOUT_RETURN_TYPE = YES_ERROR;
				GCC_WARN_UNDECLARED_SELECTOR = YES;
				GCC_WARN_UNINITIALIZED_AUTOS = YES_AGGRESSIVE;
				GCC_WARN_UNUSED_FUNCTION = YES;
				GCC_WARN_UNUSED_VARIABLE = YES;
				IPHONEOS_DEPLOYMENT_TARGET = 12.0;
				MTL_ENABLE_DEBUG_INFO = NO;
				MTL_FAST_MATH = YES;
				SDKROOT = iphoneos;
				VALIDATE_PRODUCT = YES;
			};
			name = Release;
		};
		18335B8721B68B56004D13EE /* Debug */ = {
			isa = XCBuildConfiguration;
			buildSettings = {
				ASSETCATALOG_COMPILER_APPICON_NAME = AppIcon;
				CODE_SIGN_IDENTITY = "Apple Development: keyong  li (UN2ZT8655N)";
				CODE_SIGN_STYLE = Manual;
				DEVELOPMENT_TEAM = LWZ3K4QY84;
				HEADER_SEARCH_PATHS = "";
				INFOPLIST_FILE = GDObjcBlock/Info.plist;
				IPHONEOS_DEPLOYMENT_TARGET = 11.1;
				LD_RUNPATH_SEARCH_PATHS = (
					"$(inherited)",
					"@executable_path/Frameworks",
				);
				PRODUCT_BUNDLE_IDENTIFIER = cn.jeean.JeeAnExpert;
				PRODUCT_NAME = "$(TARGET_NAME)";
				PROVISIONING_PROFILE_SPECIFIER = JeeanExpertProfile;
				TARGETED_DEVICE_FAMILY = 1;
				USER_HEADER_SEARCH_PATHS = "$(SRCROOT)";
			};
			name = Debug;
		};
		18335B8821B68B56004D13EE /* Release */ = {
			isa = XCBuildConfiguration;
			buildSettings = {
				ASSETCATALOG_COMPILER_APPICON_NAME = AppIcon;
				CODE_SIGN_IDENTITY = "iPhone Distribution: StarArc Netword Co., Ltd (LWZ3K4QY84)";
				CODE_SIGN_STYLE = Manual;
				DEVELOPMENT_TEAM = LWZ3K4QY84;
				HEADER_SEARCH_PATHS = "";
				INFOPLIST_FILE = GDObjcBlock/Info.plist;
				IPHONEOS_DEPLOYMENT_TARGET = 11.1;
				LD_RUNPATH_SEARCH_PATHS = (
					"$(inherited)",
					"@executable_path/Frameworks",
				);
				PRODUCT_BUNDLE_IDENTIFIER = cn.jeean.JeeAnExpert;
				PRODUCT_NAME = "$(TARGET_NAME)";
				PROVISIONING_PROFILE_SPECIFIER = JeeanExpertDistributeProfile;
				TARGETED_DEVICE_FAMILY = 1;
				USER_HEADER_SEARCH_PATHS = "$(SRCROOT)";
			};
			name = Release;
		};
/* End XCBuildConfiguration section */

/* Begin XCConfigurationList section */
		18335B6B21B68B55004D13EE /* Build configuration list for PBXProject "GDObjcBlock" */ = {
			isa = XCConfigurationList;
			buildConfigurations = (
				18335B8421B68B56004D13EE /* Debug */,
				18335B8521B68B56004D13EE /* Release */,
			);
			defaultConfigurationIsVisible = 0;
			defaultConfigurationName = Release;
		};
		18335B8621B68B56004D13EE /* Build configuration list for PBXNativeTarget "GDObjcBlock" */ = {
			isa = XCConfigurationList;
			buildConfigurations = (
				18335B8721B68B56004D13EE /* Debug */,
				18335B8821B68B56004D13EE /* Release */,
			);
			defaultConfigurationIsVisible = 0;
			defaultConfigurationName = Release;
		};
/* End XCConfigurationList section */
	};
	rootObject = 18335B6821B68B55004D13EE /* Project object */;
}
